
Microsoft Visual Studio Solution File, Format Version 12.00
Project("{FAE04EC0-301F-11D3-BF4B-00C04F79EFBC}") = "FHIR.Starter", "FHIR.Starter.csproj", "{A594CC97-91F9-4AF7-AFE9-40ADEB2F53CA}"
EndProject
Global
	GlobalSection(SolutionConfigurationPlatforms) = preSolution
		Debug|Any CPU = Debug|Any CPU
		Release|Any CPU = Release|Any CPU
	EndGlobalSection
	GlobalSection(ProjectConfigurationPlatforms) = postSolution
		{A594CC97-91F9-4AF7-AFE9-40ADEB2F53CA}.Debug|Any CPU.ActiveCfg = Debug|Any CPU
		{A594CC97-91F9-4AF7-AFE9-40ADEB2F53CA}.Debug|Any CPU.Build.0 = Debug|Any CPU
		{A594CC97-91F9-4AF7-AFE9-40ADEB2F53CA}.Release|Any CPU.ActiveCfg = Release|Any CPU
		{A594CC97-91F9-4AF7-AFE9-40ADEB2F53CA}.Release|Any CPU.Build.0 = Release|Any CPU
	EndGlobalSection
EndGlobal
